
Microsoft Visual Studio Solution File, Format Version 12.00
# Visual Studio Version 16
VisualStudioVersion = 16.0.29709.97
MinimumVisualStudioVersion = 10.0.40219.1
Project("{FAE04EC0-301F-11D3-BF4B-00C04F79EFBC}") = "EmailGroupsAppv2", "EmailGroupsAppv2\EmailGroupsAppv2.csproj", "{FEE73F40-BB6D-410C-B781-64DA95AA637E}"
EndProject
Global
	GlobalSection(SolutionConfigurationPlatforms) = preSolution
		Debug|Any CPU = Debug|Any CPU
		Release|Any CPU = Release|Any CPU
	EndGlobalSection
	GlobalSection(ProjectConfigurationPlatforms) = postSolution
		{FEE73F40-BB6D-410C-B781-64DA95AA637E}.Debug|Any CPU.ActiveCfg = Debug|Any CPU
		{FEE73F40-BB6D-410C-B781-64DA95AA637E}.Debug|Any CPU.Build.0 = Debug|Any CPU
		{FEE73F40-BB6D-410C-B781-64DA95AA637E}.Release|Any CPU.ActiveCfg = Release|Any CPU
		{FEE73F40-BB6D-410C-B781-64DA95AA637E}.Release|Any CPU.Build.0 = Release|Any CPU
	EndGlobalSection
	GlobalSection(SolutionProperties) = preSolution
		HideSolutionNode = FALSE
	EndGlobalSection
	GlobalSection(ExtensibilityGlobals) = postSolution
		SolutionGuid = {3F4BB0F5-99F3-4D74-B58B-AAC643719B46}
	EndGlobalSection
EndGlobal
